// !$*UTF8*$!
{
	archiveVersion = 1;
	classes = {
	};
	objectVersion = 50;
	objects = {

/* Begin PBXBuildFile section */
		8897F3F723B4AF20006F014D /* AppDelegate.swift in Sources */ = {isa = PBXBuildFile; fileRef = 8897F3F623B4AF20006F014D /* AppDelegate.swift */; };
		8897F3F923B4AF20006F014D /* SceneDelegate.swift in Sources */ = {isa = PBXBuildFile; fileRef = 8897F3F823B4AF20006F014D /* SceneDelegate.swift */; };
		8897F3FC23B4AF20006F014D /* Friendify.xcdatamodeld in Sources */ = {isa = PBXBuildFile; fileRef = 8897F3FA23B4AF20006F014D /* Friendify.xcdatamodeld */; };
		8897F40023B4AF21006F014D /* Assets.xcassets in Resources */ = {isa = PBXBuildFile; fileRef = 8897F3FF23B4AF21006F014D /* Assets.xcassets */; };
		8897F40323B4AF21006F014D /* Preview Assets.xcassets in Resources */ = {isa = PBXBuildFile; fileRef = 8897F40223B4AF21006F014D /* Preview Assets.xcassets */; };
		8897F40623B4AF21006F014D /* LaunchScreen.storyboard in Resources */ = {isa = PBXBuildFile; fileRef = 8897F40423B4AF21006F014D /* LaunchScreen.storyboard */; };
		8897F41123B4AF21006F014D /* FriendifyTests.swift in Sources */ = {isa = PBXBuildFile; fileRef = 8897F41023B4AF21006F014D /* FriendifyTests.swift */; };
		8897F41C23B4AF21006F014D /* FriendifyUITests.swift in Sources */ = {isa = PBXBuildFile; fileRef = 8897F41B23B4AF21006F014D /* FriendifyUITests.swift */; };
		8897F42A23B4B189006F014D /* Device.swift in Sources */ = {isa = PBXBuildFile; fileRef = 8897F42923B4B189006F014D /* Device.swift */; };
		8897F42C23B4B302006F014D /* DeviceRow.swift in Sources */ = {isa = PBXBuildFile; fileRef = 8897F42B23B4B302006F014D /* DeviceRow.swift */; };
		8897F42E23B4B3F4006F014D /* DeviceList.swift in Sources */ = {isa = PBXBuildFile; fileRef = 8897F42D23B4B3F4006F014D /* DeviceList.swift */; };
		8897F43023B4C6D2006F014D /* BLEcontroller.swift in Sources */ = {isa = PBXBuildFile; fileRef = 8897F42F23B4C6D2006F014D /* BLEcontroller.swift */; };
		8897F43223BE6758006F014D /* DeviceDetail.swift in Sources */ = {isa = PBXBuildFile; fileRef = 8897F43123BE6758006F014D /* DeviceDetail.swift */; };
		8897F43423BE6F47006F014D /* Home.swift in Sources */ = {isa = PBXBuildFile; fileRef = 8897F43323BE6F47006F014D /* Home.swift */; };
		8897F43623CF86E3006F014D /* CBController.swift in Sources */ = {isa = PBXBuildFile; fileRef = 8897F43523CF86E3006F014D /* CBController.swift */; };
/* End PBXBuildFile section */

/* Begin PBXContainerItemProxy section */
		8897F40D23B4AF21006F014D /* PBXContainerItemProxy */ = {
			isa = PBXContainerItemProxy;
			containerPortal = 8897F3EB23B4AF20006F014D /* Project object */;
			proxyType = 1;
			remoteGlobalIDString = 8897F3F223B4AF20006F014D;
			remoteInfo = Friendify;
		};
		8897F41823B4AF21006F014D /* PBXContainerItemProxy */ = {
			isa = PBXContainerItemProxy;
			containerPortal = 8897F3EB23B4AF20006F014D /* Project object */;
			proxyType = 1;
			remoteGlobalIDString = 8897F3F223B4AF20006F014D;
			remoteInfo = Friendify;
		};
/* End PBXContainerItemProxy section */

/* Begin PBXFileReference section */
		8897F3F323B4AF20006F014D /* Friendify.app */ = {isa = PBXFileReference; explicitFileType = wrapper.application; includeInIndex = 0; path = Friendify.app; sourceTree = BUILT_PRODUCTS_DIR; };
		8897F3F623B4AF20006F014D /* AppDelegate.swift */ = {isa = PBXFileReference; lastKnownFileType = sourcecode.swift; path = AppDelegate.swift; sourceTree = "<group>"; };
		8897F3F823B4AF20006F014D /* SceneDelegate.swift */ = {isa = PBXFileReference; lastKnownFileType = sourcecode.swift; path = SceneDelegate.swift; sourceTree = "<group>"; };
		8897F3FB23B4AF20006F014D /* Friendify.xcdatamodel */ = {isa = PBXFileReference; lastKnownFileType = wrapper.xcdatamodel; path = Friendify.xcdatamodel; sourceTree = "<group>"; };
		8897F3FF23B4AF21006F014D /* Assets.xcassets */ = {isa = PBXFileReference; lastKnownFileType = folder.assetcatalog; path = Assets.xcassets; sourceTree = "<group>"; };
		8897F40223B4AF21006F014D /* Preview Assets.xcassets */ = {isa = PBXFileReference; lastKnownFileType = folder.assetcatalog; path = "Preview Assets.xcassets"; sourceTree = "<group>"; };
		8897F40523B4AF21006F014D /* Base */ = {isa = PBXFileReference; lastKnownFileType = file.storyboard; name = Base; path = Base.lproj/LaunchScreen.storyboard; sourceTree = "<group>"; };
		8897F40723B4AF21006F014D /* Info.plist */ = {isa = PBXFileReference; lastKnownFileType = text.plist.xml; path = Info.plist; sourceTree = "<group>"; };
		8897F40C23B4AF21006F014D /* FriendifyTests.xctest */ = {isa = PBXFileReference; explicitFileType = wrapper.cfbundle; includeInIndex = 0; path = FriendifyTests.xctest; sourceTree = BUILT_PRODUCTS_DIR; };
		8897F41023B4AF21006F014D /* FriendifyTests.swift */ = {isa = PBXFileReference; lastKnownFileType = sourcecode.swift; path = FriendifyTests.swift; sourceTree = "<group>"; };
		8897F41223B4AF21006F014D /* Info.plist */ = {isa = PBXFileReference; lastKnownFileType = text.plist.xml; path = Info.plist; sourceTree = "<group>"; };
		8897F41723B4AF21006F014D /* FriendifyUITests.xctest */ = {isa = PBXFileReference; explicitFileType = wrapper.cfbundle; includeInIndex = 0; path = FriendifyUITests.xctest; sourceTree = BUILT_PRODUCTS_DIR; };
		8897F41B23B4AF21006F014D /* FriendifyUITests.swift */ = {isa = PBXFileReference; lastKnownFileType = sourcecode.swift; path = FriendifyUITests.swift; sourceTree = "<group>"; };
		8897F41D23B4AF21006F014D /* Info.plist */ = {isa = PBXFileReference; lastKnownFileType = text.plist.xml; path = Info.plist; sourceTree = "<group>"; };
		8897F42923B4B189006F014D /* Device.swift */ = {isa = PBXFileReference; lastKnownFileType = sourcecode.swift; path = Device.swift; sourceTree = "<group>"; };
		8897F42B23B4B302006F014D /* DeviceRow.swift */ = {isa = PBXFileReference; lastKnownFileType = sourcecode.swift; path = DeviceRow.swift; sourceTree = "<group>"; };
		8897F42D23B4B3F4006F014D /* DeviceList.swift */ = {isa = PBXFileReference; lastKnownFileType = sourcecode.swift; path = DeviceList.swift; sourceTree = "<group>"; };
		8897F42F23B4C6D2006F014D /* BLEcontroller.swift */ = {isa = PBXFileReference; lastKnownFileType = sourcecode.swift; path = BLEcontroller.swift; sourceTree = "<group>"; };
		8897F43123BE6758006F014D /* DeviceDetail.swift */ = {isa = PBXFileReference; lastKnownFileType = sourcecode.swift; path = DeviceDetail.swift; sourceTree = "<group>"; };
		8897F43323BE6F47006F014D /* Home.swift */ = {isa = PBXFileReference; lastKnownFileType = sourcecode.swift; path = Home.swift; sourceTree = "<group>"; };
		8897F43523CF86E3006F014D /* CBController.swift */ = {isa = PBXFileReference; lastKnownFileType = sourcecode.swift; path = CBController.swift; sourceTree = "<group>"; };
/* End PBXFileReference section */

/* Begin PBXFrameworksBuildPhase section */
		8897F3F023B4AF20006F014D /* Frameworks */ = {
			isa = PBXFrameworksBuildPhase;
			buildActionMask = 2147483647;
			files = (
			);
			runOnlyForDeploymentPostprocessing = 0;
		};
		8897F40923B4AF21006F014D /* Frameworks */ = {
			isa = PBXFrameworksBuildPhase;
			buildActionMask = 2147483647;
			files = (
			);
			runOnlyForDeploymentPostprocessing = 0;
		};
		8897F41423B4AF21006F014D /* Frameworks */ = {
			isa = PBXFrameworksBuildPhase;
			buildActionMask = 2147483647;
			files = (
			);
			runOnlyForDeploymentPostprocessing = 0;
		};
/* End PBXFrameworksBuildPhase section */

/* Begin PBXGroup section */
		8897F3EA23B4AF20006F014D = {
			isa = PBXGroup;
			children = (
				8897F3F523B4AF20006F014D /* Friendify */,
				8897F40F23B4AF21006F014D /* FriendifyTests */,
				8897F41A23B4AF21006F014D /* FriendifyUITests */,
				8897F3F423B4AF20006F014D /* Products */,
			);
			sourceTree = "<group>";
		};
		8897F3F423B4AF20006F014D /* Products */ = {
			isa = PBXGroup;
			children = (
				8897F3F323B4AF20006F014D /* Friendify.app */,
				8897F40C23B4AF21006F014D /* FriendifyTests.xctest */,
				8897F41723B4AF21006F014D /* FriendifyUITests.xctest */,
			);
			name = Products;
			sourceTree = "<group>";
		};
		8897F3F523B4AF20006F014D /* Friendify */ = {
			isa = PBXGroup;
			children = (
				8897F42F23B4C6D2006F014D /* BLEcontroller.swift */,
				8897F43523CF86E3006F014D /* CBController.swift */,
				8897F3F623B4AF20006F014D /* AppDelegate.swift */,
				8897F3F823B4AF20006F014D /* SceneDelegate.swift */,
				8897F43323BE6F47006F014D /* Home.swift */,
				8897F42923B4B189006F014D /* Device.swift */,
				8897F42B23B4B302006F014D /* DeviceRow.swift */,
				8897F42D23B4B3F4006F014D /* DeviceList.swift */,
				8897F43123BE6758006F014D /* DeviceDetail.swift */,
				8897F3FF23B4AF21006F014D /* Assets.xcassets */,
				8897F40423B4AF21006F014D /* LaunchScreen.storyboard */,
				8897F40723B4AF21006F014D /* Info.plist */,
				8897F3FA23B4AF20006F014D /* Friendify.xcdatamodeld */,
				8897F40123B4AF21006F014D /* Preview Content */,
			);
			path = Friendify;
			sourceTree = "<group>";
		};
		8897F40123B4AF21006F014D /* Preview Content */ = {
			isa = PBXGroup;
			children = (
				8897F40223B4AF21006F014D /* Preview Assets.xcassets */,
			);
			path = "Preview Content";
			sourceTree = "<group>";
		};
		8897F40F23B4AF21006F014D /* FriendifyTests */ = {
			isa = PBXGroup;
			children = (
				8897F41023B4AF21006F014D /* FriendifyTests.swift */,
				8897F41223B4AF21006F014D /* Info.plist */,
			);
			path = FriendifyTests;
			sourceTree = "<group>";
		};
		8897F41A23B4AF21006F014D /* FriendifyUITests */ = {
			isa = PBXGroup;
			children = (
				8897F41B23B4AF21006F014D /* FriendifyUITests.swift */,
				8897F41D23B4AF21006F014D /* Info.plist */,
			);
			path = FriendifyUITests;
			sourceTree = "<group>";
		};
/* End PBXGroup section */

/* Begin PBXNativeTarget section */
		8897F3F223B4AF20006F014D /* Friendify */ = {
			isa = PBXNativeTarget;
			buildConfigurationList = 8897F42023B4AF21006F014D /* Build configuration list for PBXNativeTarget "Friendify" */;
			buildPhases = (
				8897F3EF23B4AF20006F014D /* Sources */,
				8897F3F023B4AF20006F014D /* Frameworks */,
				8897F3F123B4AF20006F014D /* Resources */,
			);
			buildRules = (
			);
			dependencies = (
			);
			name = Friendify;
			productName = Friendify;
			productReference = 8897F3F323B4AF20006F014D /* Friendify.app */;
			productType = "com.apple.product-type.application";
		};
		8897F40B23B4AF21006F014D /* FriendifyTests */ = {
			isa = PBXNativeTarget;
			buildConfigurationList = 8897F42323B4AF21006F014D /* Build configuration list for PBXNativeTarget "FriendifyTests" */;
			buildPhases = (
				8897F40823B4AF21006F014D /* Sources */,
				8897F40923B4AF21006F014D /* Frameworks */,
				8897F40A23B4AF21006F014D /* Resources */,
			);
			buildRules = (
			);
			dependencies = (
				8897F40E23B4AF21006F014D /* PBXTargetDependency */,
			);
			name = FriendifyTests;
			productName = FriendifyTests;
			productReference = 8897F40C23B4AF21006F014D /* FriendifyTests.xctest */;
			productType = "com.apple.product-type.bundle.unit-test";
		};
		8897F41623B4AF21006F014D /* FriendifyUITests */ = {
			isa = PBXNativeTarget;
			buildConfigurationList = 8897F42623B4AF21006F014D /* Build configuration list for PBXNativeTarget "FriendifyUITests" */;
			buildPhases = (
				8897F41323B4AF21006F014D /* Sources */,
				8897F41423B4AF21006F014D /* Frameworks */,
				8897F41523B4AF21006F014D /* Resources */,
			);
			buildRules = (
			);
			dependencies = (
				8897F41923B4AF21006F014D /* PBXTargetDependency */,
			);
			name = FriendifyUITests;
			productName = FriendifyUITests;
			productReference = 8897F41723B4AF21006F014D /* FriendifyUITests.xctest */;
			productType = "com.apple.product-type.bundle.ui-testing";
		};
/* End PBXNativeTarget section */

/* Begin PBXProject section */
		8897F3EB23B4AF20006F014D /* Project object */ = {
			isa = PBXProject;
			attributes = {
				LastSwiftUpdateCheck = 1130;
				LastUpgradeCheck = 1130;
				ORGANIZATIONNAME = "Jesse's Evil Mega Corporation";
				TargetAttributes = {
					8897F3F223B4AF20006F014D = {
						CreatedOnToolsVersion = 11.3;
					};
					8897F40B23B4AF21006F014D = {
						CreatedOnToolsVersion = 11.3;
						TestTargetID = 8897F3F223B4AF20006F014D;
					};
					8897F41623B4AF21006F014D = {
						CreatedOnToolsVersion = 11.3;
						TestTargetID = 8897F3F223B4AF20006F014D;
					};
				};
			};
			buildConfigurationList = 8897F3EE23B4AF20006F014D /* Build configuration list for PBXProject "Friendify" */;
			compatibilityVersion = "Xcode 9.3";
			developmentRegion = en;
			hasScannedForEncodings = 0;
			knownRegions = (
				en,
				Base,
			);
			mainGroup = 8897F3EA23B4AF20006F014D;
			productRefGroup = 8897F3F423B4AF20006F014D /* Products */;
			projectDirPath = "";
			projectRoot = "";
			targets = (
				8897F3F223B4AF20006F014D /* Friendify */,
				8897F40B23B4AF21006F014D /* FriendifyTests */,
				8897F41623B4AF21006F014D /* FriendifyUITests */,
			);
		};
/* End PBXProject section */

/* Begin PBXResourcesBuildPhase section */
		8897F3F123B4AF20006F014D /* Resources */ = {
			isa = PBXResourcesBuildPhase;
			buildActionMask = 2147483647;
			files = (
				8897F40623B4AF21006F014D /* LaunchScreen.storyboard in Resources */,
				8897F40323B4AF21006F014D /* Preview Assets.xcassets in Resources */,
				8897F40023B4AF21006F014D /* Assets.xcassets in Resources */,
			);
			runOnlyForDeploymentPostprocessing = 0;
		};
		8897F40A23B4AF21006F014D /* Resources */ = {
			isa = PBXResourcesBuildPhase;
			buildActionMask = 2147483647;
			files = (
			);
			runOnlyForDeploymentPostprocessing = 0;
		};
		8897F41523B4AF21006F014D /* Resources */ = {
			isa = PBXResourcesBuildPhase;
			buildActionMask = 2147483647;
			files = (
			);
			runOnlyForDeploymentPostprocessing = 0;
		};
/* End PBXResourcesBuildPhase section */

/* Begin PBXSourcesBuildPhase section */
		8897F3EF23B4AF20006F014D /* Sources */ = {
			isa = PBXSourcesBuildPhase;
			buildActionMask = 2147483647;
			files = (
				8897F3FC23B4AF20006F014D /* Friendify.xcdatamodeld in Sources */,
				8897F3F723B4AF20006F014D /* AppDelegate.swift in Sources */,
				8897F43423BE6F47006F014D /* Home.swift in Sources */,
				8897F43223BE6758006F014D /* DeviceDetail.swift in Sources */,
				8897F43623CF86E3006F014D /* CBController.swift in Sources */,
				8897F42C23B4B302006F014D /* DeviceRow.swift in Sources */,
				8897F42E23B4B3F4006F014D /* DeviceList.swift in Sources */,
				8897F43023B4C6D2006F014D /* BLEcontroller.swift in Sources */,
				8897F3F923B4AF20006F014D /* SceneDelegate.swift in Sources */,
				8897F42A23B4B189006F014D /* Device.swift in Sources */,
			);
			runOnlyForDeploymentPostprocessing = 0;
		};
		8897F40823B4AF21006F014D /* Sources */ = {
			isa = PBXSourcesBuildPhase;
			buildActionMask = 2147483647;
			files = (
				8897F41123B4AF21006F014D /* FriendifyTests.swift in Sources */,
			);
			runOnlyForDeploymentPostprocessing = 0;
		};
		8897F41323B4AF21006F014D /* Sources */ = {
			isa = PBXSourcesBuildPhase;
			buildActionMask = 2147483647;
			files = (
				8897F41C23B4AF21006F014D /* FriendifyUITests.swift in Sources */,
			);
			runOnlyForDeploymentPostprocessing = 0;
		};
/* End PBXSourcesBuildPhase section */

/* Begin PBXTargetDependency section */
		8897F40E23B4AF21006F014D /* PBXTargetDependency */ = {
			isa = PBXTargetDependency;
			target = 8897F3F223B4AF20006F014D /* Friendify */;
			targetProxy = 8897F40D23B4AF21006F014D /* PBXContainerItemProxy */;
		};
		8897F41923B4AF21006F014D /* PBXTargetDependency */ = {
			isa = PBXTargetDependency;
			target = 8897F3F223B4AF20006F014D /* Friendify */;
			targetProxy = 8897F41823B4AF21006F014D /* PBXContainerItemProxy */;
		};
/* End PBXTargetDependency section */

/* Begin PBXVariantGroup section */
		8897F40423B4AF21006F014D /* LaunchScreen.storyboard */ = {
			isa = PBXVariantGroup;
			children = (
				8897F40523B4AF21006F014D /* Base */,
			);
			name = LaunchScreen.storyboard;
			sourceTree = "<group>";
		};
/* End PBXVariantGroup section */

/* Begin XCBuildConfiguration section */
		8897F41E23B4AF21006F014D /* Debug */ = {
			isa = XCBuildConfiguration;
			buildSettings = {
				ALWAYS_SEARCH_USER_PATHS = NO;
				CLANG_ANALYZER_NONNULL = YES;
				CLANG_ANALYZER_NUMBER_OBJECT_CONVERSION = YES_AGGRESSIVE;
				CLANG_CXX_LANGUAGE_STANDARD = "gnu++14";
				CLANG_CXX_LIBRARY = "libc++";
				CLANG_ENABLE_MODULES = YES;
				CLANG_ENABLE_OBJC_ARC = YES;
				CLANG_ENABLE_OBJC_WEAK = YES;
				CLANG_WARN_BLOCK_CAPTURE_AUTORELEASING = YES;
				CLANG_WARN_BOOL_CONVERSION = YES;
				CLANG_WARN_COMMA = YES;
				CLANG_WARN_CONSTANT_CONVERSION = YES;
				CLANG_WARN_DEPRECATED_OBJC_IMPLEMENTATIONS = YES;
				CLANG_WARN_DIRECT_OBJC_ISA_USAGE = YES_ERROR;
				CLANG_WARN_DOCUMENTATION_COMMENTS = YES;
				CLANG_WARN_EMPTY_BODY = YES;
				CLANG_WARN_ENUM_CONVERSION = YES;
				CLANG_WARN_INFINITE_RECURSION = YES;
				CLANG_WARN_INT_CONVERSION = YES;
				CLANG_WARN_NON_LITERAL_NULL_CONVERSION = YES;
				CLANG_WARN_OBJC_IMPLICIT_RETAIN_SELF = YES;
				CLANG_WARN_OBJC_LITERAL_CONVERSION = YES;
				CLANG_WARN_OBJC_ROOT_CLASS = YES_ERROR;
				CLANG_WARN_RANGE_LOOP_ANALYSIS = YES;
				CLANG_WARN_STRICT_PROTOTYPES = YES;
				CLANG_WARN_SUSPICIOUS_MOVE = YES;
				CLANG_WARN_UNGUARDED_AVAILABILITY = YES_AGGRESSIVE;
				CLANG_WARN_UNREACHABLE_CODE = YES;
				CLANG_WARN__DUPLICATE_METHOD_MATCH = YES;
				COPY_PHASE_STRIP = NO;
				DEBUG_INFORMATION_FORMAT = dwarf;
				ENABLE_STRICT_OBJC_MSGSEND = YES;
				ENABLE_TESTABILITY = YES;
				GCC_C_LANGUAGE_STANDARD = gnu11;
				GCC_DYNAMIC_NO_PIC = NO;
				GCC_NO_COMMON_BLOCKS = YES;
				GCC_OPTIMIZATION_LEVEL = 0;
				GCC_PREPROCESSOR_DEFINITIONS = (
					"DEBUG=1",
					"$(inherited)",
				);
				GCC_WARN_64_TO_32_BIT_CONVERSION = YES;
				GCC_WARN_ABOUT_RETURN_TYPE = YES_ERROR;
				GCC_WARN_UNDECLARED_SELECTOR = YES;
				GCC_WARN_UNINITIALIZED_AUTOS = YES_AGGRESSIVE;
				GCC_WARN_UNUSED_FUNCTION = YES;
				GCC_WARN_UNUSED_VARIABLE = YES;
				IPHONEOS_DEPLOYMENT_TARGET = 13.2;
				MTL_ENABLE_DEBUG_INFO = INCLUDE_SOURCE;
				MTL_FAST_MATH = YES;
				ONLY_ACTIVE_ARCH = YES;
				SDKROOT = iphoneos;
				SWIFT_ACTIVE_COMPILATION_CONDITIONS = DEBUG;
				SWIFT_OPTIMIZATION_LEVEL = "-Onone";
			};
			name = Debug;
		};
		8897F41F23B4AF21006F014D /* Release */ = {
			isa = XCBuildConfiguration;
			buildSettings = {
				ALWAYS_SEARCH_USER_PATHS = NO;
				CLANG_ANALYZER_NONNULL = YES;
				CLANG_ANALYZER_NUMBER_OBJECT_CONVERSION = YES_AGGRESSIVE;
				CLANG_CXX_LANGUAGE_STANDARD = "gnu++14";
				CLANG_CXX_LIBRARY = "libc++";
				CLANG_ENABLE_MODULES = YES;
				CLANG_ENABLE_OBJC_ARC = YES;
				CLANG_ENABLE_OBJC_WEAK = YES;
				CLANG_WARN_BLOCK_CAPTURE_AUTORELEASING = YES;
				CLANG_WARN_BOOL_CONVERSION = YES;
				CLANG_WARN_COMMA = YES;
				CLANG_WARN_CONSTANT_CONVERSION = YES;
				CLANG_WARN_DEPRECATED_OBJC_IMPLEMENTATIONS = YES;
				CLANG_WARN_DIRECT_OBJC_ISA_USAGE = YES_ERROR;
				CLANG_WARN_DOCUMENTATION_COMMENTS = YES;
				CLANG_WARN_EMPTY_BODY = YES;
				CLANG_WARN_ENUM_CONVERSION = YES;
				CLANG_WARN_INFINITE_RECURSION = YES;
				CLANG_WARN_INT_CONVERSION = YES;
				CLANG_WARN_NON_LITERAL_NULL_CONVERSION = YES;
				CLANG_WARN_OBJC_IMPLICIT_RETAIN_SELF = YES;
				CLANG_WARN_OBJC_LITERAL_CONVERSION = YES;
				CLANG_WARN_OBJC_ROOT_CLASS = YES_ERROR;
				CLANG_WARN_RANGE_LOOP_ANALYSIS = YES;
				CLANG_WARN_STRICT_PROTOTYPES = YES;
				CLANG_WARN_SUSPICIOUS_MOVE = YES;
				CLANG_WARN_UNGUARDED_AVAILABILITY = YES_AGGRESSIVE;
				CLANG_WARN_UNREACHABLE_CODE = YES;
				CLANG_WARN__DUPLICATE_METHOD_MATCH = YES;
				COPY_PHASE_STRIP = NO;
				DEBUG_INFORMATION_FORMAT = "dwarf-with-dsym";
				ENABLE_NS_ASSERTIONS = NO;
				ENABLE_STRICT_OBJC_MSGSEND = YES;
				GCC_C_LANGUAGE_STANDARD = gnu11;
				GCC_NO_COMMON_BLOCKS = YES;
				GCC_WARN_64_TO_32_BIT_CONVERSION = YES;
				GCC_WARN_ABOUT_RETURN_TYPE = YES_ERROR;
				GCC_WARN_UNDECLARED_SELECTOR = YES;
				GCC_WARN_UNINITIALIZED_AUTOS = YES_AGGRESSIVE;
				GCC_WARN_UNUSED_FUNCTION = YES;
				GCC_WARN_UNUSED_VARIABLE = YES;
				IPHONEOS_DEPLOYMENT_TARGET = 13.2;
				MTL_ENABLE_DEBUG_INFO = NO;
				MTL_FAST_MATH = YES;
				SDKROOT = iphoneos;
				SWIFT_COMPILATION_MODE = wholemodule;
				SWIFT_OPTIMIZATION_LEVEL = "-O";
				VALIDATE_PRODUCT = YES;
			};
			name = Release;
		};
		8897F42123B4AF21006F014D /* Debug */ = {
			isa = XCBuildConfiguration;
			buildSettings = {
				ASSETCATALOG_COMPILER_APPICON_NAME = AppIcon;
				CODE_SIGN_STYLE = Automatic;
				DEVELOPMENT_ASSET_PATHS = "\"Friendify/Preview Content\"";
				DEVELOPMENT_TEAM = 9DDMADD52V;
				ENABLE_PREVIEWS = YES;
				INFOPLIST_FILE = Friendify/Info.plist;
				LD_RUNPATH_SEARCH_PATHS = (
					"$(inherited)",
					"@executable_path/Frameworks",
				);
				PRODUCT_BUNDLE_IDENTIFIER = Jesse.Friendify;
				PRODUCT_NAME = "$(TARGET_NAME)";
				SWIFT_VERSION = 5.0;
				TARGETED_DEVICE_FAMILY = "1,2";
			};
			name = Debug;
		};
		8897F42223B4AF21006F014D /* Release */ = {
			isa = XCBuildConfiguration;
			buildSettings = {
				ASSETCATALOG_COMPILER_APPICON_NAME = AppIcon;
				CODE_SIGN_STYLE = Automatic;
				DEVELOPMENT_ASSET_PATHS = "\"Friendify/Preview Content\"";
				DEVELOPMENT_TEAM = 9DDMADD52V;
				ENABLE_PREVIEWS = YES;
				INFOPLIST_FILE = Friendify/Info.plist;
				LD_RUNPATH_SEARCH_PATHS = (
					"$(inherited)",
					"@executable_path/Frameworks",
				);
				PRODUCT_BUNDLE_IDENTIFIER = Jesse.Friendify;
				PRODUCT_NAME = "$(TARGET_NAME)";
				SWIFT_VERSION = 5.0;
				TARGETED_DEVICE_FAMILY = "1,2";
			};
			name = Release;
		};
		8897F42423B4AF21006F014D /* Debug */ = {
			isa = XCBuildConfiguration;
			buildSettings = {
				ALWAYS_EMBED_SWIFT_STANDARD_LIBRARIES = YES;
				BUNDLE_LOADER = "$(TEST_HOST)";
				CODE_SIGN_STYLE = Automatic;
				INFOPLIST_FILE = FriendifyTests/Info.plist;
				IPHONEOS_DEPLOYMENT_TARGET = 13.2;
				LD_RUNPATH_SEARCH_PATHS = (
					"$(inherited)",
					"@executable_path/Frameworks",
					"@loader_path/Frameworks",
				);
				PRODUCT_BUNDLE_IDENTIFIER = Jesse.FriendifyTests;
				PRODUCT_NAME = "$(TARGET_NAME)";
				SWIFT_VERSION = 5.0;
				TARGETED_DEVICE_FAMILY = "1,2";
				TEST_HOST = "$(BUILT_PRODUCTS_DIR)/Friendify.app/Friendify";
			};
			name = Debug;
		};
		8897F42523B4AF21006F014D /* Release */ = {
			isa = XCBuildConfiguration;
			buildSettings = {
				ALWAYS_EMBED_SWIFT_STANDARD_LIBRARIES = YES;
				BUNDLE_LOADER = "$(TEST_HOST)";
				CODE_SIGN_STYLE = Automatic;
				INFOPLIST_FILE = FriendifyTests/Info.plist;
				IPHONEOS_DEPLOYMENT_TARGET = 13.2;
				LD_RUNPATH_SEARCH_PATHS = (
					"$(inherited)",
					"@executable_path/Frameworks",
					"@loader_path/Frameworks",
				);
				PRODUCT_BUNDLE_IDENTIFIER = Jesse.FriendifyTests;
				PRODUCT_NAME = "$(TARGET_NAME)";
				SWIFT_VERSION = 5.0;
				TARGETED_DEVICE_FAMILY = "1,2";
				TEST_HOST = "$(BUILT_PRODUCTS_DIR)/Friendify.app/Friendify";
			};
			name = Release;
		};
		8897F42723B4AF21006F014D /* Debug */ = {
			isa = XCBuildConfiguration;
			buildSettings = {
				ALWAYS_EMBED_SWIFT_STANDARD_LIBRARIES = YES;
				CODE_SIGN_STYLE = Automatic;
				INFOPLIST_FILE = FriendifyUITests/Info.plist;
				LD_RUNPATH_SEARCH_PATHS = (
					"$(inherited)",
					"@executable_path/Frameworks",
					"@loader_path/Frameworks",
				);
				PRODUCT_BUNDLE_IDENTIFIER = Jesse.FriendifyUITests;
				PRODUCT_NAME = "$(TARGET_NAME)";
				SWIFT_VERSION = 5.0;
				TARGETED_DEVICE_FAMILY = "1,2";
				TEST_TARGET_NAME = Friendify;
			};
			name = Debug;
		};
		8897F42823B4AF21006F014D /* Release */ = {
			isa = XCBuildConfiguration;
			buildSettings = {
				ALWAYS_EMBED_SWIFT_STANDARD_LIBRARIES = YES;
				CODE_SIGN_STYLE = Automatic;
				INFOPLIST_FILE = FriendifyUITests/Info.plist;
				LD_RUNPATH_SEARCH_PATHS = (
					"$(inherited)",
					"@executable_path/Frameworks",
					"@loader_path/Frameworks",
				);
				PRODUCT_BUNDLE_IDENTIFIER = Jesse.FriendifyUITests;
				PRODUCT_NAME = "$(TARGET_NAME)";
				SWIFT_VERSION = 5.0;
				TARGETED_DEVICE_FAMILY = "1,2";
				TEST_TARGET_NAME = Friendify;
			};
			name = Release;
		};
/* End XCBuildConfiguration section */

/* Begin XCConfigurationList section */
		8897F3EE23B4AF20006F014D /* Build configuration list for PBXProject "Friendify" */ = {
			isa = XCConfigurationList;
			buildConfigurations = (
				8897F41E23B4AF21006F014D /* Debug */,
				8897F41F23B4AF21006F014D /* Release */,
			);
			defaultConfigurationIsVisible = 0;
			defaultConfigurationName = Release;
		};
		8897F42023B4AF21006F014D /* Build configuration list for PBXNativeTarget "Friendify" */ = {
			isa = XCConfigurationList;
			buildConfigurations = (
				8897F42123B4AF21006F014D /* Debug */,
				8897F42223B4AF21006F014D /* Release */,
			);
			defaultConfigurationIsVisible = 0;
			defaultConfigurationName = Release;
		};
		8897F42323B4AF21006F014D /* Build configuration list for PBXNativeTarget "FriendifyTests" */ = {
			isa = XCConfigurationList;
			buildConfigurations = (
				8897F42423B4AF21006F014D /* Debug */,
				8897F42523B4AF21006F014D /* Release */,
			);
			defaultConfigurationIsVisible = 0;
			defaultConfigurationName = Release;
		};
		8897F42623B4AF21006F014D /* Build configuration list for PBXNativeTarget "FriendifyUITests" */ = {
			isa = XCConfigurationList;
			buildConfigurations = (
				8897F42723B4AF21006F014D /* Debug */,
				8897F42823B4AF21006F014D /* Release */,
			);
			defaultConfigurationIsVisible = 0;
			defaultConfigurationName = Release;
		};
/* End XCConfigurationList section */

/* Begin XCVersionGroup section */
		8897F3FA23B4AF20006F014D /* Friendify.xcdatamodeld */ = {
			isa = XCVersionGroup;
			children = (
				8897F3FB23B4AF20006F014D /* Friendify.xcdatamodel */,
			);
			currentVersion = 8897F3FB23B4AF20006F014D /* Friendify.xcdatamodel */;
			path = Friendify.xcdatamodeld;
			sourceTree = "<group>";
			versionGroupType = wrapper.xcdatamodel;
		};
/* End XCVersionGroup section */
	};
	rootObject = 8897F3EB23B4AF20006F014D /* Project object */;
}
